
Microsoft Visual Studio Solution File, Format Version 12.00
# Visual Studio Version 17
VisualStudioVersion = 17.6.33829.357
MinimumVisualStudioVersion = 10.0.40219.1
Project("{9A19103F-16F7-4668-BE54-9A1E7A4F7556}") = "Basics", "Basics\Basics.csproj", "{EB243673-17E7-4AB5-8143-028D4B3A9304}"
EndProject
Project("{9A19103F-16F7-4668-BE54-9A1E7A4F7556}") = "IdentityExample", "IdentityExample\IdentityExample.csproj", "{5FE55246-2914-4145-88A0-D02D46C12AE5}"
EndProject
Project("{2150E333-8FDC-42A3-9474-1A3956D46DE8}") = "basic", "basic", "{D79642C8-1B6C-4D43-8DB9-E46EE7E97C9F}"
EndProject
Project("{2150E333-8FDC-42A3-9474-1A3956D46DE8}") = "oauth", "oauth", "{172722F1-CB68-4244-9E7F-F9D023B194E3}"
EndProject
Project("{9A19103F-16F7-4668-BE54-9A1E7A4F7556}") = "Server", "Server\Server.csproj", "{90018089-7E9A-44C3-A647-3622EF296812}"
EndProject
Project("{9A19103F-16F7-4668-BE54-9A1E7A4F7556}") = "Client", "Client\Client.csproj", "{F06583A5-BD46-4A66-B1C8-E091C67F66DF}"
EndProject
Project("{2150E333-8FDC-42A3-9474-1A3956D46DE8}") = "IdentityServer", "IdentityServer", "{306DE880-E14C-4363-9C5D-935E69F55526}"
EndProject
Project("{FAE04EC0-301F-11D3-BF4B-00C04F79EFBC}") = "IdentityServer4Demo", "IdentityServer4Demo\IdentityServer4Demo.csproj", "{65929A7E-629F-4BD4-A3A9-306E8D6F4FA5}"
EndProject
Project("{FAE04EC0-301F-11D3-BF4B-00C04F79EFBC}") = "ApiOne", "ApiOne\ApiOne.csproj", "{63214B51-536D-4265-B2BA-967907119152}"
EndProject
Project("{FAE04EC0-301F-11D3-BF4B-00C04F79EFBC}") = "ApiTwo", "ApiTwo\ApiTwo.csproj", "{ECB6FA76-A55D-495E-B66D-0159E2DD6540}"
EndProject
Global
	GlobalSection(SolutionConfigurationPlatforms) = preSolution
		Debug|Any CPU = Debug|Any CPU
		Release|Any CPU = Release|Any CPU
	EndGlobalSection
	GlobalSection(ProjectConfigurationPlatforms) = postSolution
		{EB243673-17E7-4AB5-8143-028D4B3A9304}.Debug|Any CPU.ActiveCfg = Debug|Any CPU
		{EB243673-17E7-4AB5-8143-028D4B3A9304}.Debug|Any CPU.Build.0 = Debug|Any CPU
		{EB243673-17E7-4AB5-8143-028D4B3A9304}.Release|Any CPU.ActiveCfg = Release|Any CPU
		{EB243673-17E7-4AB5-8143-028D4B3A9304}.Release|Any CPU.Build.0 = Release|Any CPU
		{5FE55246-2914-4145-88A0-D02D46C12AE5}.Debug|Any CPU.ActiveCfg = Debug|Any CPU
		{5FE55246-2914-4145-88A0-D02D46C12AE5}.Debug|Any CPU.Build.0 = Debug|Any CPU
		{5FE55246-2914-4145-88A0-D02D46C12AE5}.Release|Any CPU.ActiveCfg = Release|Any CPU
		{5FE55246-2914-4145-88A0-D02D46C12AE5}.Release|Any CPU.Build.0 = Release|Any CPU
		{90018089-7E9A-44C3-A647-3622EF296812}.Debug|Any CPU.ActiveCfg = Debug|Any CPU
		{90018089-7E9A-44C3-A647-3622EF296812}.Debug|Any CPU.Build.0 = Debug|Any CPU
		{90018089-7E9A-44C3-A647-3622EF296812}.Release|Any CPU.ActiveCfg = Release|Any CPU
		{90018089-7E9A-44C3-A647-3622EF296812}.Release|Any CPU.Build.0 = Release|Any CPU
		{F06583A5-BD46-4A66-B1C8-E091C67F66DF}.Debug|Any CPU.ActiveCfg = Debug|Any CPU
		{F06583A5-BD46-4A66-B1C8-E091C67F66DF}.Debug|Any CPU.Build.0 = Debug|Any CPU
		{F06583A5-BD46-4A66-B1C8-E091C67F66DF}.Release|Any CPU.ActiveCfg = Release|Any CPU
		{F06583A5-BD46-4A66-B1C8-E091C67F66DF}.Release|Any CPU.Build.0 = Release|Any CPU
		{65929A7E-629F-4BD4-A3A9-306E8D6F4FA5}.Debug|Any CPU.ActiveCfg = Debug|Any CPU
		{65929A7E-629F-4BD4-A3A9-306E8D6F4FA5}.Debug|Any CPU.Build.0 = Debug|Any CPU
		{65929A7E-629F-4BD4-A3A9-306E8D6F4FA5}.Release|Any CPU.ActiveCfg = Release|Any CPU
		{65929A7E-629F-4BD4-A3A9-306E8D6F4FA5}.Release|Any CPU.Build.0 = Release|Any CPU
		{63214B51-536D-4265-B2BA-967907119152}.Debug|Any CPU.ActiveCfg = Debug|Any CPU
		{63214B51-536D-4265-B2BA-967907119152}.Debug|Any CPU.Build.0 = Debug|Any CPU
		{63214B51-536D-4265-B2BA-967907119152}.Release|Any CPU.ActiveCfg = Release|Any CPU
		{63214B51-536D-4265-B2BA-967907119152}.Release|Any CPU.Build.0 = Release|Any CPU
		{ECB6FA76-A55D-495E-B66D-0159E2DD6540}.Debug|Any CPU.ActiveCfg = Debug|Any CPU
		{ECB6FA76-A55D-495E-B66D-0159E2DD6540}.Debug|Any CPU.Build.0 = Debug|Any CPU
		{ECB6FA76-A55D-495E-B66D-0159E2DD6540}.Release|Any CPU.ActiveCfg = Release|Any CPU
		{ECB6FA76-A55D-495E-B66D-0159E2DD6540}.Release|Any CPU.Build.0 = Release|Any CPU
	EndGlobalSection
	GlobalSection(SolutionProperties) = preSolution
		HideSolutionNode = FALSE
	EndGlobalSection
	GlobalSection(NestedProjects) = preSolution
		{EB243673-17E7-4AB5-8143-028D4B3A9304} = {D79642C8-1B6C-4D43-8DB9-E46EE7E97C9F}
		{5FE55246-2914-4145-88A0-D02D46C12AE5} = {D79642C8-1B6C-4D43-8DB9-E46EE7E97C9F}
		{90018089-7E9A-44C3-A647-3622EF296812} = {172722F1-CB68-4244-9E7F-F9D023B194E3}
		{F06583A5-BD46-4A66-B1C8-E091C67F66DF} = {172722F1-CB68-4244-9E7F-F9D023B194E3}
		{65929A7E-629F-4BD4-A3A9-306E8D6F4FA5} = {306DE880-E14C-4363-9C5D-935E69F55526}
		{63214B51-536D-4265-B2BA-967907119152} = {306DE880-E14C-4363-9C5D-935E69F55526}
		{ECB6FA76-A55D-495E-B66D-0159E2DD6540} = {306DE880-E14C-4363-9C5D-935E69F55526}
	EndGlobalSection
	GlobalSection(ExtensibilityGlobals) = postSolution
		SolutionGuid = {84EC9428-4551-4B77-91F1-3A550440532A}
	EndGlobalSection
EndGlobal
